
Microsoft Visual Studio Solution File, Format Version 12.00
# Visual Studio Version 17
VisualStudioVersion = 17.4.33205.214
MinimumVisualStudioVersion = 10.0.40219.1
Project("{888888A0-9F3D-457C-B088-3A5042F75D52}") = "Mustrid", "Mustrid.pyproj", "{3A203F53-0832-4E9B-A51B-47F6F238EF3E}"
EndProject
Global
	GlobalSection(SolutionConfigurationPlatforms) = preSolution
		Debug|Any CPU = Debug|Any CPU
		Release|Any CPU = Release|Any CPU
	EndGlobalSection
	GlobalSection(ProjectConfigurationPlatforms) = postSolution
		{3A203F53-0832-4E9B-A51B-47F6F238EF3E}.Debug|Any CPU.ActiveCfg = Debug|Any CPU
		{3A203F53-0832-4E9B-A51B-47F6F238EF3E}.Release|Any CPU.ActiveCfg = Release|Any CPU
	EndGlobalSection
	GlobalSection(SolutionProperties) = preSolution
		HideSolutionNode = FALSE
	EndGlobalSection
	GlobalSection(ExtensibilityGlobals) = postSolution
		SolutionGuid = {9CD7B63B-B137-4D54-B4CA-52DA3A4EEC9B}
	EndGlobalSection
EndGlobal
